
Microsoft Visual Studio Solution File, Format Version 12.00
# Visual Studio Version 17
VisualStudioVersion = 17.14.36518.9 d17.14
MinimumVisualStudioVersion = 10.0.40219.1
Project("{F2A71F9B-5D33-465A-A702-920D77279786}") = "AP_Coursework", "AP_Coursework\AP_Coursework.fsproj", "{624E10F2-B360-4C60-99F8-85A634CB097F}"
EndProject
Global
	GlobalSection(SolutionConfigurationPlatforms) = preSolution
		Debug|Any CPU = Debug|Any CPU
		Release|Any CPU = Release|Any CPU
	EndGlobalSection
	GlobalSection(ProjectConfigurationPlatforms) = postSolution
		{624E10F2-B360-4C60-99F8-85A634CB097F}.Debug|Any CPU.ActiveCfg = Debug|Any CPU
		{624E10F2-B360-4C60-99F8-85A634CB097F}.Debug|Any CPU.Build.0 = Debug|Any CPU
		{624E10F2-B360-4C60-99F8-85A634CB097F}.Release|Any CPU.ActiveCfg = Release|Any CPU
		{624E10F2-B360-4C60-99F8-85A634CB097F}.Release|Any CPU.Build.0 = Release|Any CPU
	EndGlobalSection
	GlobalSection(SolutionProperties) = preSolution
		HideSolutionNode = FALSE
	EndGlobalSection
	GlobalSection(ExtensibilityGlobals) = postSolution
		SolutionGuid = {75357931-DFA6-4B2C-A3CF-3F5168318E7C}
	EndGlobalSection
EndGlobal
